{
  "requires": true,
  "lockfileVersion": 1,
  "dependencies": {
    "qieyun": {
      "version": "0.11.0",
      "resolved": "https://registry.npmjs.org/qieyun/-/qieyun-0.11.0.tgz",
      "integrity": "sha512-Z6ZMKaLcIFcR2LjHTZumXnzWIsDAvO7NP0hXnk/pw4k9cOi/AF9UbipNPFVGjCwEOf9jaUmMYPxQC317LTsLAA=="
    }
  }
}
